// !$*UTF8*$!
{
	archiveVersion = 1;
	classes = {
	};
	objectVersion = 46;
	objects = {

/* Begin PBXBuildFile section */
		19544F4A1FC1C8C7008B1E54 /* Security.framework in Frameworks */ = {isa = PBXBuildFile; fileRef = 19544F491FC1C8C7008B1E54 /* Security.framework */; };
		196C742B1FBE890A001F4F15 /* main.m in Sources */ = {isa = PBXBuildFile; fileRef = 196C742A1FBE890A001F4F15 /* main.m */; };
		196C742E1FBE890A001F4F15 /* AppDelegate.m in Sources */ = {isa = PBXBuildFile; fileRef = 196C742D1FBE890A001F4F15 /* AppDelegate.m */; };
		196C74311FBE890A001F4F15 /* ViewController.m in Sources */ = {isa = PBXBuildFile; fileRef = 196C74301FBE890A001F4F15 /* ViewController.m */; };
		196C74341FBE890A001F4F15 /* Main.storyboard in Resources */ = {isa = PBXBuildFile; fileRef = 196C74321FBE890A001F4F15 /* Main.storyboard */; };
		196C74361FBE890A001F4F15 /* Assets.xcassets in Resources */ = {isa = PBXBuildFile; fileRef = 196C74351FBE890A001F4F15 /* Assets.xcassets */; };
		196C74391FBE890A001F4F15 /* LaunchScreen.storyboard in Resources */ = {isa = PBXBuildFile; fileRef = 196C74371FBE890A001F4F15 /* LaunchScreen.storyboard */; };
/* End PBXBuildFile section */

/* Begin PBXFileReference section */
		19544F491FC1C8C7008B1E54 /* Security.framework */ = {isa = PBXFileReference; lastKnownFileType = wrapper.framework; name = Security.framework; path = System/Library/Frameworks/Security.framework; sourceTree = SDKROOT; };
		196C74261FBE890A001F4F15 /* CipherSpeed.app */ = {isa = PBXFileReference; explicitFileType = wrapper.application; includeInIndex = 0; path = CipherSpeed.app; sourceTree = BUILT_PRODUCTS_DIR; };
		196C742A1FBE890A001F4F15 /* main.m */ = {isa = PBXFileReference; lastKnownFileType = sourcecode.c.objc; path = main.m; sourceTree = "<group>"; };
		196C742C1FBE890A001F4F15 /* AppDelegate.h */ = {isa = PBXFileReference; lastKnownFileType = sourcecode.c.h; path = AppDelegate.h; sourceTree = "<group>"; };
		196C742D1FBE890A001F4F15 /* AppDelegate.m */ = {isa = PBXFileReference; lastKnownFileType = sourcecode.c.objc; path = AppDelegate.m; sourceTree = "<group>"; };
		196C742F1FBE890A001F4F15 /* ViewController.h */ = {isa = PBXFileReference; lastKnownFileType = sourcecode.c.h; path = ViewController.h; sourceTree = "<group>"; };
		196C74301FBE890A001F4F15 /* ViewController.m */ = {isa = PBXFileReference; lastKnownFileType = sourcecode.c.objc; path = ViewController.m; sourceTree = "<group>"; };
		196C74331FBE890A001F4F15 /* Base */ = {isa = PBXFileReference; lastKnownFileType = file.storyboard; name = Base; path = Base.lproj/Main.storyboard; sourceTree = "<group>"; };
		196C74351FBE890A001F4F15 /* Assets.xcassets */ = {isa = PBXFileReference; lastKnownFileType = folder.assetcatalog; path = Assets.xcassets; sourceTree = "<group>"; };
		196C74381FBE890A001F4F15 /* Base */ = {isa = PBXFileReference; lastKnownFileType = file.storyboard; name = Base; path = Base.lproj/LaunchScreen.storyboard; sourceTree = "<group>"; };
		196C743A1FBE890A001F4F15 /* Info.plist */ = {isa = PBXFileReference; lastKnownFileType = text.plist.xml; path = Info.plist; sourceTree = "<group>"; };
/* End PBXFileReference section */

/* Begin PBXFrameworksBuildPhase section */
		196C74231FBE890A001F4F15 /* Frameworks */ = {
			isa = PBXFrameworksBuildPhase;
			buildActionMask = 2147483647;
			files = (
				19544F4A1FC1C8C7008B1E54 /* Security.framework in Frameworks */,
			);
			runOnlyForDeploymentPostprocessing = 0;
		};
/* End PBXFrameworksBuildPhase section */

/* Begin PBXGroup section */
		19544F481FC1C8C7008B1E54 /* Frameworks */ = {
			isa = PBXGroup;
			children = (
				19544F491FC1C8C7008B1E54 /* Security.framework */,
			);
			name = Frameworks;
			sourceTree = "<group>";
		};
		196C741D1FBE890A001F4F15 = {
			isa = PBXGroup;
			children = (
				196C74281FBE890A001F4F15 /* CipherSpeed */,
				196C74271FBE890A001F4F15 /* Products */,
				19544F481FC1C8C7008B1E54 /* Frameworks */,
			);
			sourceTree = "<group>";
		};
		196C74271FBE890A001F4F15 /* Products */ = {
			isa = PBXGroup;
			children = (
				196C74261FBE890A001F4F15 /* CipherSpeed.app */,
			);
			name = Products;
			sourceTree = "<group>";
		};
		196C74281FBE890A001F4F15 /* CipherSpeed */ = {
			isa = PBXGroup;
			children = (
				196C742C1FBE890A001F4F15 /* AppDelegate.h */,
				196C742D1FBE890A001F4F15 /* AppDelegate.m */,
				196C742F1FBE890A001F4F15 /* ViewController.h */,
				196C74301FBE890A001F4F15 /* ViewController.m */,
				196C74321FBE890A001F4F15 /* Main.storyboard */,
				196C74351FBE890A001F4F15 /* Assets.xcassets */,
				196C74371FBE890A001F4F15 /* LaunchScreen.storyboard */,
				196C743A1FBE890A001F4F15 /* Info.plist */,
				196C74291FBE890A001F4F15 /* Supporting Files */,
			);
			path = CipherSpeed;
			sourceTree = "<group>";
		};
		196C74291FBE890A001F4F15 /* Supporting Files */ = {
			isa = PBXGroup;
			children = (
				196C742A1FBE890A001F4F15 /* main.m */,
			);
			name = "Supporting Files";
			sourceTree = "<group>";
		};
/* End PBXGroup section */

/* Begin PBXNativeTarget section */
		196C74251FBE890A001F4F15 /* CipherSpeed */ = {
			isa = PBXNativeTarget;
			buildConfigurationList = 196C743D1FBE890A001F4F15 /* Build configuration list for PBXNativeTarget "CipherSpeed" */;
			buildPhases = (
				196C74221FBE890A001F4F15 /* Sources */,
				196C74231FBE890A001F4F15 /* Frameworks */,
				196C74241FBE890A001F4F15 /* Resources */,
			);
			buildRules = (
			);
			dependencies = (
			);
			name = CipherSpeed;
			productName = CipherSpeed;
			productReference = 196C74261FBE890A001F4F15 /* CipherSpeed.app */;
			productType = "com.apple.product-type.application";
		};
/* End PBXNativeTarget section */

/* Begin PBXProject section */
		196C741E1FBE890A001F4F15 /* Project object */ = {
			isa = PBXProject;
			attributes = {
				LastUpgradeCheck = 0830;
				ORGANIZATIONNAME = "Wenbo Yang";
				TargetAttributes = {
					196C74251FBE890A001F4F15 = {
						CreatedOnToolsVersion = 8.3.3;
						DevelopmentTeam = 4X58F8M83Y;
						ProvisioningStyle = Automatic;
					};
				};
			};
			buildConfigurationList = 196C74211FBE890A001F4F15 /* Build configuration list for PBXProject "CipherSpeed" */;
			compatibilityVersion = "Xcode 3.2";
			developmentRegion = English;
			hasScannedForEncodings = 0;
			knownRegions = (
				en,
				Base,
			);
			mainGroup = 196C741D1FBE890A001F4F15;
			productRefGroup = 196C74271FBE890A001F4F15 /* Products */;
			projectDirPath = "";
			projectRoot = "";
			targets = (
				196C74251FBE890A001F4F15 /* CipherSpeed */,
			);
		};
/* End PBXProject section */

/* Begin PBXResourcesBuildPhase section */
		196C74241FBE890A001F4F15 /* Resources */ = {
			isa = PBXResourcesBuildPhase;
			buildActionMask = 2147483647;
			files = (
				196C74391FBE890A001F4F15 /* LaunchScreen.storyboard in Resources */,
				196C74361FBE890A001F4F15 /* Assets.xcassets in Resources */,
				196C74341FBE890A001F4F15 /* Main.storyboard in Resources */,
			);
			runOnlyForDeploymentPostprocessing = 0;
		};
/* End PBXResourcesBuildPhase section */

/* Begin PBXSourcesBuildPhase section */
		196C74221FBE890A001F4F15 /* Sources */ = {
			isa = PBXSourcesBuildPhase;
			buildActionMask = 2147483647;
			files = (
				196C74311FBE890A001F4F15 /* ViewController.m in Sources */,
				196C742E1FBE890A001F4F15 /* AppDelegate.m in Sources */,
				196C742B1FBE890A001F4F15 /* main.m in Sources */,
			);
			runOnlyForDeploymentPostprocessing = 0;
		};
/* End PBXSourcesBuildPhase section */

/* Begin PBXVariantGroup section */
		196C74321FBE890A001F4F15 /* Main.storyboard */ = {
			isa = PBXVariantGroup;
			children = (
				196C74331FBE890A001F4F15 /* Base */,
			);
			name = Main.storyboard;
			sourceTree = "<group>";
		};
		196C74371FBE890A001F4F15 /* LaunchScreen.storyboard */ = {
			isa = PBXVariantGroup;
			children = (
				196C74381FBE890A001F4F15 /* Base */,
			);
			name = LaunchScreen.storyboard;
			sourceTree = "<group>";
		};
/* End PBXVariantGroup section */

/* Begin XCBuildConfiguration section */
		196C743B1FBE890A001F4F15 /* Debug */ = {
			isa = XCBuildConfiguration;
			buildSettings = {
				ALWAYS_SEARCH_USER_PATHS = NO;
				CLANG_ANALYZER_NONNULL = YES;
				CLANG_ANALYZER_NUMBER_OBJECT_CONVERSION = YES_AGGRESSIVE;
				CLANG_CXX_LANGUAGE_STANDARD = "gnu++0x";
				CLANG_CXX_LIBRARY = "libc++";
				CLANG_ENABLE_MODULES = YES;
				CLANG_ENABLE_OBJC_ARC = YES;
				CLANG_WARN_BOOL_CONVERSION = YES;
				CLANG_WARN_CONSTANT_CONVERSION = YES;
				CLANG_WARN_DIRECT_OBJC_ISA_USAGE = YES_ERROR;
				CLANG_WARN_DOCUMENTATION_COMMENTS = YES;
				CLANG_WARN_EMPTY_BODY = YES;
				CLANG_WARN_ENUM_CONVERSION = YES;
				CLANG_WARN_INFINITE_RECURSION = YES;
				CLANG_WARN_INT_CONVERSION = YES;
				CLANG_WARN_OBJC_ROOT_CLASS = YES_ERROR;
				CLANG_WARN_SUSPICIOUS_MOVE = YES;
				CLANG_WARN_UNREACHABLE_CODE = YES;
				CLANG_WARN__DUPLICATE_METHOD_MATCH = YES;
				"CODE_SIGN_IDENTITY[sdk=iphoneos*]" = "iPhone Developer";
				COPY_PHASE_STRIP = NO;
				DEBUG_INFORMATION_FORMAT = dwarf;
				ENABLE_STRICT_OBJC_MSGSEND = YES;
				ENABLE_TESTABILITY = YES;
				GCC_C_LANGUAGE_STANDARD = gnu99;
				GCC_DYNAMIC_NO_PIC = NO;
				GCC_NO_COMMON_BLOCKS = YES;
				GCC_OPTIMIZATION_LEVEL = 0;
				GCC_PREPROCESSOR_DEFINITIONS = (
					"DEBUG=1",
					"$(inherited)",
				);
				GCC_WARN_64_TO_32_BIT_CONVERSION = YES;
				GCC_WARN_ABOUT_RETURN_TYPE = YES_ERROR;
				GCC_WARN_UNDECLARED_SELECTOR = YES;
				GCC_WARN_UNINITIALIZED_AUTOS = YES_AGGRESSIVE;
				GCC_WARN_UNUSED_FUNCTION = YES;
				GCC_WARN_UNUSED_VARIABLE = YES;
				IPHONEOS_DEPLOYMENT_TARGET = 10.3;
				MTL_ENABLE_DEBUG_INFO = YES;
				ONLY_ACTIVE_ARCH = YES;
				SDKROOT = iphoneos;
				TARGETED_DEVICE_FAMILY = "1,2";
			};
			name = Debug;
		};
		196C743C1FBE890A001F4F15 /* Release */ = {
			isa = XCBuildConfiguration;
			buildSettings = {
				ALWAYS_SEARCH_USER_PATHS = NO;
				CLANG_ANALYZER_NONNULL = YES;
				CLANG_ANALYZER_NUMBER_OBJECT_CONVERSION = YES_AGGRESSIVE;
				CLANG_CXX_LANGUAGE_STANDARD = "gnu++0x";
				CLANG_CXX_LIBRARY = "libc++";
				CLANG_ENABLE_MODULES = YES;
				CLANG_ENABLE_OBJC_ARC = YES;
				CLANG_WARN_BOOL_CONVERSION = YES;
				CLANG_WARN_CONSTANT_CONVERSION = YES;
				CLANG_WARN_DIRECT_OBJC_ISA_USAGE = YES_ERROR;
				CLANG_WARN_DOCUMENTATION_COMMENTS = YES;
				CLANG_WARN_EMPTY_BODY = YES;
				CLANG_WARN_ENUM_CONVERSION = YES;
				CLANG_WARN_INFINITE_RECURSION = YES;
				CLANG_WARN_INT_CONVERSION = YES;
				CLANG_WARN_OBJC_ROOT_CLASS = YES_ERROR;
				CLANG_WARN_SUSPICIOUS_MOVE = YES;
				CLANG_WARN_UNREACHABLE_CODE = YES;
				CLANG_WARN__DUPLICATE_METHOD_MATCH = YES;
				"CODE_SIGN_IDENTITY[sdk=iphoneos*]" = "iPhone Developer";
				COPY_PHASE_STRIP = NO;
				DEBUG_INFORMATION_FORMAT = "dwarf-with-dsym";
				ENABLE_NS_ASSERTIONS = NO;
				ENABLE_STRICT_OBJC_MSGSEND = YES;
				GCC_C_LANGUAGE_STANDARD = gnu99;
				GCC_NO_COMMON_BLOCKS = YES;
				GCC_WARN_64_TO_32_BIT_CONVERSION = YES;
				GCC_WARN_ABOUT_RETURN_TYPE = YES_ERROR;
				GCC_WARN_UNDECLARED_SELECTOR = YES;
				GCC_WARN_UNINITIALIZED_AUTOS = YES_AGGRESSIVE;
				GCC_WARN_UNUSED_FUNCTION = YES;
				GCC_WARN_UNUSED_VARIABLE = YES;
				IPHONEOS_DEPLOYMENT_TARGET = 10.3;
				MTL_ENABLE_DEBUG_INFO = NO;
				SDKROOT = iphoneos;
				TARGETED_DEVICE_FAMILY = "1,2";
				VALIDATE_PRODUCT = YES;
			};
			name = Release;
		};
		196C743E1FBE890A001F4F15 /* Debug */ = {
			isa = XCBuildConfiguration;
			buildSettings = {
				ASSETCATALOG_COMPILER_APPICON_NAME = AppIcon;
				DEVELOPMENT_TEAM = 4X58F8M83Y;
				INFOPLIST_FILE = CipherSpeed/Info.plist;
				IPHONEOS_DEPLOYMENT_TARGET = 10.3;
				LD_RUNPATH_SEARCH_PATHS = "$(inherited) @executable_path/Frameworks";
				PRODUCT_BUNDLE_IDENTIFIER = yangwenbo.com.CipherSpeed;
				PRODUCT_NAME = "$(TARGET_NAME)";
			};
			name = Debug;
		};
		196C743F1FBE890A001F4F15 /* Release */ = {
			isa = XCBuildConfiguration;
			buildSettings = {
				ASSETCATALOG_COMPILER_APPICON_NAME = AppIcon;
				DEVELOPMENT_TEAM = 4X58F8M83Y;
				INFOPLIST_FILE = CipherSpeed/Info.plist;
				IPHONEOS_DEPLOYMENT_TARGET = 10.3;
				LD_RUNPATH_SEARCH_PATHS = "$(inherited) @executable_path/Frameworks";
				PRODUCT_BUNDLE_IDENTIFIER = yangwenbo.com.CipherSpeed;
				PRODUCT_NAME = "$(TARGET_NAME)";
			};
			name = Release;
		};
/* End XCBuildConfiguration section */

/* Begin XCConfigurationList section */
		196C74211FBE890A001F4F15 /* Build configuration list for PBXProject "CipherSpeed" */ = {
			isa = XCConfigurationList;
			buildConfigurations = (
				196C743B1FBE890A001F4F15 /* Debug */,
				196C743C1FBE890A001F4F15 /* Release */,
			);
			defaultConfigurationIsVisible = 0;
			defaultConfigurationName = Release;
		};
		196C743D1FBE890A001F4F15 /* Build configuration list for PBXNativeTarget "CipherSpeed" */ = {
			isa = XCConfigurationList;
			buildConfigurations = (
				196C743E1FBE890A001F4F15 /* Debug */,
				196C743F1FBE890A001F4F15 /* Release */,
			);
			defaultConfigurationIsVisible = 0;
			defaultConfigurationName = Release;
		};
/* End XCConfigurationList section */
	};
	rootObject = 196C741E1FBE890A001F4F15 /* Project object */;
}
